
Microsoft Visual Studio Solution File, Format Version 12.00
# Visual Studio Version 16
VisualStudioVersion = 16.0.29102.190
MinimumVisualStudioVersion = 10.0.40219.1
Project("{8BC9CEB8-8B4A-11D0-8D11-00A0C91BC942}") = "5.1.1", "5.1.1\5.1.1.vcxproj", "{CACFC087-988D-4B6A-BB37-C3E3B9B05767}"
EndProject
Global
	GlobalSection(SolutionConfigurationPlatforms) = preSolution
		Debug|x64 = Debug|x64
		Debug|x86 = Debug|x86
		Release|x64 = Release|x64
		Release|x86 = Release|x86
	EndGlobalSection
	GlobalSection(ProjectConfigurationPlatforms) = postSolution
		{CACFC087-988D-4B6A-BB37-C3E3B9B05767}.Debug|x64.ActiveCfg = Debug|x64
		{CACFC087-988D-4B6A-BB37-C3E3B9B05767}.Debug|x64.Build.0 = Debug|x64
		{CACFC087-988D-4B6A-BB37-C3E3B9B05767}.Debug|x86.ActiveCfg = Debug|Win32
		{CACFC087-988D-4B6A-BB37-C3E3B9B05767}.Debug|x86.Build.0 = Debug|Win32
		{CACFC087-988D-4B6A-BB37-C3E3B9B05767}.Release|x64.ActiveCfg = Release|x64
		{CACFC087-988D-4B6A-BB37-C3E3B9B05767}.Release|x64.Build.0 = Release|x64
		{CACFC087-988D-4B6A-BB37-C3E3B9B05767}.Release|x86.ActiveCfg = Release|Win32
		{CACFC087-988D-4B6A-BB37-C3E3B9B05767}.Release|x86.Build.0 = Release|Win32
	EndGlobalSection
	GlobalSection(SolutionProperties) = preSolution
		HideSolutionNode = FALSE
	EndGlobalSection
	GlobalSection(ExtensibilityGlobals) = postSolution
		SolutionGuid = {4A549047-F48A-40C3-9EC1-F2278101A2C8}
	EndGlobalSection
EndGlobal
